
Microsoft Visual Studio Solution File, Format Version 11.00
# Visual Studio 2010 Express for Windows Phone
Project("{FAE04EC0-301F-11D3-BF4B-00C04F79EFBC}") = "ZombieTaxi", "ZombieTaxi\ZombieTaxi\ZombieTaxi.csproj", "{688B25A6-F39B-43CC-A1AB-A7244F0FF1E5}"
	ProjectSection(ProjectDependencies) = postProject
		{C4A6CC91-CCC3-4DEF-A36C-94F170DDE6B2} = {C4A6CC91-CCC3-4DEF-A36C-94F170DDE6B2}
		{5DD5B096-5020-4604-9D07-0061D17E63E4} = {5DD5B096-5020-4604-9D07-0061D17E63E4}
	EndProjectSection
EndProject
Project("{FAE04EC0-301F-11D3-BF4B-00C04F79EFBC}") = "ZombieTaxiContent", "ZombieTaxi\ZombieTaxiContent\ZombieTaxiContent.contentproj", "{0553F421-289D-4AB5-A3F5-5B5FB940CB3E}"
EndProject
Project("{FAE04EC0-301F-11D3-BF4B-00C04F79EFBC}") = "MBHEngine", "MBHEngine\MBHEngine.csproj", "{5DD5B096-5020-4604-9D07-0061D17E63E4}"
	ProjectSection(ProjectDependencies) = postProject
		{9A5B507A-5940-4737-95B3-621F618D4008} = {9A5B507A-5940-4737-95B3-621F618D4008}
	EndProjectSection
EndProject
Project("{FAE04EC0-301F-11D3-BF4B-00C04F79EFBC}") = "MBHEngineContentDefs", "MBHEngineContentDefs\MBHEngineContentDefs.csproj", "{0E895839-448B-4495-8AAB-16DAC35B04FB}"
EndProject
Project("{FAE04EC0-301F-11D3-BF4B-00C04F79EFBC}") = "Box2D.XNA", "Box2D.XNA\Box2D.XNA.csproj", "{22791486-E721-4511-AA4B-DA26CF5D0F2E}"
EndProject
Project("{FAE04EC0-301F-11D3-BF4B-00C04F79EFBC}") = "MBHEngineContent", "MBHEngine\Content\MBHEngineContent.contentproj", "{6DEDFF34-2E03-4847-863A-F03EA03352CD}"
EndProject
Project("{FAE04EC0-301F-11D3-BF4B-00C04F79EFBC}") = "ZombieTaxiContentDefs", "ZombieTaxiContentDefs\ZombieTaxiContentDefs.csproj", "{C4A6CC91-CCC3-4DEF-A36C-94F170DDE6B2}"
EndProject
Project("{FAE04EC0-301F-11D3-BF4B-00C04F79EFBC}") = "OgmoXNA4", "OgmoXNA4\OgmoXNA4.csproj", "{9A5B507A-5940-4737-95B3-621F618D4008}"
EndProject
Project("{FAE04EC0-301F-11D3-BF4B-00C04F79EFBC}") = "OgmoXNAPipelineExtensions", "OgmoXNAPipeline4\OgmoXNAPipelineExtensions.csproj", "{EA08F2CC-6DE5-415D-B860-B0DA88E541D8}"
EndProject
Project("{FAE04EC0-301F-11D3-BF4B-00C04F79EFBC}") = "OgmoXNADemo", "OgmoXNADemo\OgmoXNADemo.csproj", "{39A30F56-8348-49C2-9DD3-5661DA56A072}"
EndProject
Project("{FAE04EC0-301F-11D3-BF4B-00C04F79EFBC}") = "OgmaXNADemoContent", "OgmoXNADemo\Content\OgmaXNADemoContent.contentproj", "{67D70BCA-EB17-4DB9-8C8A-6C06E19B51AA}"
EndProject
Global
	GlobalSection(SolutionConfigurationPlatforms) = preSolution
		Debug|Any CPU = Debug|Any CPU
		Debug|Mixed Platforms = Debug|Mixed Platforms
		Debug|Windows Phone = Debug|Windows Phone
		Debug|x86 = Debug|x86
		Final|Any CPU = Final|Any CPU
		Final|Mixed Platforms = Final|Mixed Platforms
		Final|Windows Phone = Final|Windows Phone
		Final|x86 = Final|x86
		Release|Any CPU = Release|Any CPU
		Release|Mixed Platforms = Release|Mixed Platforms
		Release|Windows Phone = Release|Windows Phone
		Release|x86 = Release|x86
	EndGlobalSection
	GlobalSection(ProjectConfigurationPlatforms) = postSolution
		{688B25A6-F39B-43CC-A1AB-A7244F0FF1E5}.Debug|Any CPU.ActiveCfg = Debug|x86
		{688B25A6-F39B-43CC-A1AB-A7244F0FF1E5}.Debug|Mixed Platforms.ActiveCfg = Debug|x86
		{688B25A6-F39B-43CC-A1AB-A7244F0FF1E5}.Debug|Mixed Platforms.Build.0 = Debug|x86
		{688B25A6-F39B-43CC-A1AB-A7244F0FF1E5}.Debug|Windows Phone.ActiveCfg = Debug|x86
		{688B25A6-F39B-43CC-A1AB-A7244F0FF1E5}.Debug|Windows Phone.Build.0 = Debug|x86
		{688B25A6-F39B-43CC-A1AB-A7244F0FF1E5}.Debug|x86.ActiveCfg = Debug|x86
		{688B25A6-F39B-43CC-A1AB-A7244F0FF1E5}.Debug|x86.Build.0 = Debug|x86
		{688B25A6-F39B-43CC-A1AB-A7244F0FF1E5}.Final|Any CPU.ActiveCfg = Final|x86
		{688B25A6-F39B-43CC-A1AB-A7244F0FF1E5}.Final|Mixed Platforms.ActiveCfg = Final|x86
		{688B25A6-F39B-43CC-A1AB-A7244F0FF1E5}.Final|Mixed Platforms.Build.0 = Final|x86
		{688B25A6-F39B-43CC-A1AB-A7244F0FF1E5}.Final|Windows Phone.ActiveCfg = Final|x86
		{688B25A6-F39B-43CC-A1AB-A7244F0FF1E5}.Final|x86.ActiveCfg = Final|x86
		{688B25A6-F39B-43CC-A1AB-A7244F0FF1E5}.Final|x86.Build.0 = Final|x86
		{688B25A6-F39B-43CC-A1AB-A7244F0FF1E5}.Release|Any CPU.ActiveCfg = Release|x86
		{688B25A6-F39B-43CC-A1AB-A7244F0FF1E5}.Release|Mixed Platforms.ActiveCfg = Release|x86
		{688B25A6-F39B-43CC-A1AB-A7244F0FF1E5}.Release|Mixed Platforms.Build.0 = Release|x86
		{688B25A6-F39B-43CC-A1AB-A7244F0FF1E5}.Release|Windows Phone.ActiveCfg = Release|x86
		{688B25A6-F39B-43CC-A1AB-A7244F0FF1E5}.Release|Windows Phone.Build.0 = Release|x86
		{688B25A6-F39B-43CC-A1AB-A7244F0FF1E5}.Release|x86.ActiveCfg = Release|x86
		{688B25A6-F39B-43CC-A1AB-A7244F0FF1E5}.Release|x86.Build.0 = Release|x86
		{0553F421-289D-4AB5-A3F5-5B5FB940CB3E}.Debug|Any CPU.ActiveCfg = Debug|x86
		{0553F421-289D-4AB5-A3F5-5B5FB940CB3E}.Debug|Mixed Platforms.ActiveCfg = Debug|x86
		{0553F421-289D-4AB5-A3F5-5B5FB940CB3E}.Debug|Windows Phone.ActiveCfg = Debug|x86
		{0553F421-289D-4AB5-A3F5-5B5FB940CB3E}.Debug|x86.ActiveCfg = Debug|x86
		{0553F421-289D-4AB5-A3F5-5B5FB940CB3E}.Final|Any CPU.ActiveCfg = Release|x86
		{0553F421-289D-4AB5-A3F5-5B5FB940CB3E}.Final|Mixed Platforms.ActiveCfg = Release|x86
		{0553F421-289D-4AB5-A3F5-5B5FB940CB3E}.Final|Windows Phone.ActiveCfg = Release|x86
		{0553F421-289D-4AB5-A3F5-5B5FB940CB3E}.Final|x86.ActiveCfg = Release|x86
		{0553F421-289D-4AB5-A3F5-5B5FB940CB3E}.Release|Any CPU.ActiveCfg = Release|x86
		{0553F421-289D-4AB5-A3F5-5B5FB940CB3E}.Release|Mixed Platforms.ActiveCfg = Release|x86
		{0553F421-289D-4AB5-A3F5-5B5FB940CB3E}.Release|Windows Phone.ActiveCfg = Release|x86
		{0553F421-289D-4AB5-A3F5-5B5FB940CB3E}.Release|x86.ActiveCfg = Release|x86
		{5DD5B096-5020-4604-9D07-0061D17E63E4}.Debug|Any CPU.ActiveCfg = Debug|x86
		{5DD5B096-5020-4604-9D07-0061D17E63E4}.Debug|Mixed Platforms.ActiveCfg = Debug|x86
		{5DD5B096-5020-4604-9D07-0061D17E63E4}.Debug|Mixed Platforms.Build.0 = Debug|x86
		{5DD5B096-5020-4604-9D07-0061D17E63E4}.Debug|Windows Phone.ActiveCfg = Debug|x86
		{5DD5B096-5020-4604-9D07-0061D17E63E4}.Debug|Windows Phone.Build.0 = Debug|x86
		{5DD5B096-5020-4604-9D07-0061D17E63E4}.Debug|x86.ActiveCfg = Debug|x86
		{5DD5B096-5020-4604-9D07-0061D17E63E4}.Debug|x86.Build.0 = Debug|x86
		{5DD5B096-5020-4604-9D07-0061D17E63E4}.Final|Any CPU.ActiveCfg = Final|x86
		{5DD5B096-5020-4604-9D07-0061D17E63E4}.Final|Mixed Platforms.ActiveCfg = Final|x86
		{5DD5B096-5020-4604-9D07-0061D17E63E4}.Final|Mixed Platforms.Build.0 = Final|x86
		{5DD5B096-5020-4604-9D07-0061D17E63E4}.Final|Windows Phone.ActiveCfg = Final|x86
		{5DD5B096-5020-4604-9D07-0061D17E63E4}.Final|x86.ActiveCfg = Final|x86
		{5DD5B096-5020-4604-9D07-0061D17E63E4}.Final|x86.Build.0 = Final|x86
		{5DD5B096-5020-4604-9D07-0061D17E63E4}.Release|Any CPU.ActiveCfg = Release|x86
		{5DD5B096-5020-4604-9D07-0061D17E63E4}.Release|Mixed Platforms.ActiveCfg = Release|x86
		{5DD5B096-5020-4604-9D07-0061D17E63E4}.Release|Mixed Platforms.Build.0 = Release|x86
		{5DD5B096-5020-4604-9D07-0061D17E63E4}.Release|Windows Phone.ActiveCfg = Release|x86
		{5DD5B096-5020-4604-9D07-0061D17E63E4}.Release|Windows Phone.Build.0 = Release|x86
		{5DD5B096-5020-4604-9D07-0061D17E63E4}.Release|x86.ActiveCfg = Release|x86
		{5DD5B096-5020-4604-9D07-0061D17E63E4}.Release|x86.Build.0 = Release|x86
		{0E895839-448B-4495-8AAB-16DAC35B04FB}.Debug|Any CPU.ActiveCfg = Debug|x86
		{0E895839-448B-4495-8AAB-16DAC35B04FB}.Debug|Mixed Platforms.ActiveCfg = Debug|x86
		{0E895839-448B-4495-8AAB-16DAC35B04FB}.Debug|Mixed Platforms.Build.0 = Debug|x86
		{0E895839-448B-4495-8AAB-16DAC35B04FB}.Debug|Windows Phone.ActiveCfg = Debug|x86
		{0E895839-448B-4495-8AAB-16DAC35B04FB}.Debug|Windows Phone.Build.0 = Debug|x86
		{0E895839-448B-4495-8AAB-16DAC35B04FB}.Debug|x86.ActiveCfg = Debug|x86
		{0E895839-448B-4495-8AAB-16DAC35B04FB}.Debug|x86.Build.0 = Debug|x86
		{0E895839-448B-4495-8AAB-16DAC35B04FB}.Final|Any CPU.ActiveCfg = Final|x86
		{0E895839-448B-4495-8AAB-16DAC35B04FB}.Final|Mixed Platforms.ActiveCfg = Final|x86
		{0E895839-448B-4495-8AAB-16DAC35B04FB}.Final|Mixed Platforms.Build.0 = Final|x86
		{0E895839-448B-4495-8AAB-16DAC35B04FB}.Final|Windows Phone.ActiveCfg = Final|x86
		{0E895839-448B-4495-8AAB-16DAC35B04FB}.Final|x86.ActiveCfg = Final|x86
		{0E895839-448B-4495-8AAB-16DAC35B04FB}.Final|x86.Build.0 = Final|x86
		{0E895839-448B-4495-8AAB-16DAC35B04FB}.Release|Any CPU.ActiveCfg = Release|x86
		{0E895839-448B-4495-8AAB-16DAC35B04FB}.Release|Mixed Platforms.ActiveCfg = Release|x86
		{0E895839-448B-4495-8AAB-16DAC35B04FB}.Release|Mixed Platforms.Build.0 = Release|x86
		{0E895839-448B-4495-8AAB-16DAC35B04FB}.Release|Windows Phone.ActiveCfg = Release|x86
		{0E895839-448B-4495-8AAB-16DAC35B04FB}.Release|Windows Phone.Build.0 = Release|x86
		{0E895839-448B-4495-8AAB-16DAC35B04FB}.Release|x86.ActiveCfg = Release|x86
		{0E895839-448B-4495-8AAB-16DAC35B04FB}.Release|x86.Build.0 = Release|x86
		{22791486-E721-4511-AA4B-DA26CF5D0F2E}.Debug|Any CPU.ActiveCfg = Debug|Any CPU
		{22791486-E721-4511-AA4B-DA26CF5D0F2E}.Debug|Any CPU.Build.0 = Debug|Any CPU
		{22791486-E721-4511-AA4B-DA26CF5D0F2E}.Debug|Mixed Platforms.ActiveCfg = Debug|x86
		{22791486-E721-4511-AA4B-DA26CF5D0F2E}.Debug|Mixed Platforms.Build.0 = Debug|x86
		{22791486-E721-4511-AA4B-DA26CF5D0F2E}.Debug|Windows Phone.ActiveCfg = Debug|Any CPU
		{22791486-E721-4511-AA4B-DA26CF5D0F2E}.Debug|Windows Phone.Build.0 = Debug|Any CPU
		{22791486-E721-4511-AA4B-DA26CF5D0F2E}.Debug|x86.ActiveCfg = Debug|x86
		{22791486-E721-4511-AA4B-DA26CF5D0F2E}.Debug|x86.Build.0 = Debug|x86
		{22791486-E721-4511-AA4B-DA26CF5D0F2E}.Final|Any CPU.ActiveCfg = Final|Any CPU
		{22791486-E721-4511-AA4B-DA26CF5D0F2E}.Final|Any CPU.Build.0 = Final|Any CPU
		{22791486-E721-4511-AA4B-DA26CF5D0F2E}.Final|Mixed Platforms.ActiveCfg = Final|x86
		{22791486-E721-4511-AA4B-DA26CF5D0F2E}.Final|Mixed Platforms.Build.0 = Final|x86
		{22791486-E721-4511-AA4B-DA26CF5D0F2E}.Final|Windows Phone.ActiveCfg = Final|x86
		{22791486-E721-4511-AA4B-DA26CF5D0F2E}.Final|x86.ActiveCfg = Final|x86
		{22791486-E721-4511-AA4B-DA26CF5D0F2E}.Final|x86.Build.0 = Final|x86
		{22791486-E721-4511-AA4B-DA26CF5D0F2E}.Release|Any CPU.ActiveCfg = Release|Any CPU
		{22791486-E721-4511-AA4B-DA26CF5D0F2E}.Release|Any CPU.Build.0 = Release|Any CPU
		{22791486-E721-4511-AA4B-DA26CF5D0F2E}.Release|Mixed Platforms.ActiveCfg = Release|x86
		{22791486-E721-4511-AA4B-DA26CF5D0F2E}.Release|Mixed Platforms.Build.0 = Release|x86
		{22791486-E721-4511-AA4B-DA26CF5D0F2E}.Release|Windows Phone.ActiveCfg = Release|Any CPU
		{22791486-E721-4511-AA4B-DA26CF5D0F2E}.Release|Windows Phone.Build.0 = Release|Any CPU
		{22791486-E721-4511-AA4B-DA26CF5D0F2E}.Release|x86.ActiveCfg = Release|x86
		{22791486-E721-4511-AA4B-DA26CF5D0F2E}.Release|x86.Build.0 = Release|x86
		{6DEDFF34-2E03-4847-863A-F03EA03352CD}.Debug|Any CPU.ActiveCfg = Debug|x86
		{6DEDFF34-2E03-4847-863A-F03EA03352CD}.Debug|Mixed Platforms.ActiveCfg = Debug|x86
		{6DEDFF34-2E03-4847-863A-F03EA03352CD}.Debug|Windows Phone.ActiveCfg = Debug|x86
		{6DEDFF34-2E03-4847-863A-F03EA03352CD}.Debug|x86.ActiveCfg = Debug|x86
		{6DEDFF34-2E03-4847-863A-F03EA03352CD}.Final|Any CPU.ActiveCfg = Release|x86
		{6DEDFF34-2E03-4847-863A-F03EA03352CD}.Final|Mixed Platforms.ActiveCfg = Release|x86
		{6DEDFF34-2E03-4847-863A-F03EA03352CD}.Final|Windows Phone.ActiveCfg = Release|x86
		{6DEDFF34-2E03-4847-863A-F03EA03352CD}.Final|x86.ActiveCfg = Release|x86
		{6DEDFF34-2E03-4847-863A-F03EA03352CD}.Release|Any CPU.ActiveCfg = Release|x86
		{6DEDFF34-2E03-4847-863A-F03EA03352CD}.Release|Mixed Platforms.ActiveCfg = Release|x86
		{6DEDFF34-2E03-4847-863A-F03EA03352CD}.Release|Windows Phone.ActiveCfg = Release|x86
		{6DEDFF34-2E03-4847-863A-F03EA03352CD}.Release|x86.ActiveCfg = Release|x86
		{C4A6CC91-CCC3-4DEF-A36C-94F170DDE6B2}.Debug|Any CPU.ActiveCfg = Debug|x86
		{C4A6CC91-CCC3-4DEF-A36C-94F170DDE6B2}.Debug|Mixed Platforms.ActiveCfg = Debug|x86
		{C4A6CC91-CCC3-4DEF-A36C-94F170DDE6B2}.Debug|Mixed Platforms.Build.0 = Debug|x86
		{C4A6CC91-CCC3-4DEF-A36C-94F170DDE6B2}.Debug|Windows Phone.ActiveCfg = Debug|x86
		{C4A6CC91-CCC3-4DEF-A36C-94F170DDE6B2}.Debug|Windows Phone.Build.0 = Debug|x86
		{C4A6CC91-CCC3-4DEF-A36C-94F170DDE6B2}.Debug|x86.ActiveCfg = Debug|x86
		{C4A6CC91-CCC3-4DEF-A36C-94F170DDE6B2}.Debug|x86.Build.0 = Debug|x86
		{C4A6CC91-CCC3-4DEF-A36C-94F170DDE6B2}.Final|Any CPU.ActiveCfg = Final|x86
		{C4A6CC91-CCC3-4DEF-A36C-94F170DDE6B2}.Final|Mixed Platforms.ActiveCfg = Final|x86
		{C4A6CC91-CCC3-4DEF-A36C-94F170DDE6B2}.Final|Mixed Platforms.Build.0 = Final|x86
		{C4A6CC91-CCC3-4DEF-A36C-94F170DDE6B2}.Final|Windows Phone.ActiveCfg = Final|x86
		{C4A6CC91-CCC3-4DEF-A36C-94F170DDE6B2}.Final|x86.ActiveCfg = Final|x86
		{C4A6CC91-CCC3-4DEF-A36C-94F170DDE6B2}.Final|x86.Build.0 = Final|x86
		{C4A6CC91-CCC3-4DEF-A36C-94F170DDE6B2}.Release|Any CPU.ActiveCfg = Release|x86
		{C4A6CC91-CCC3-4DEF-A36C-94F170DDE6B2}.Release|Mixed Platforms.ActiveCfg = Release|x86
		{C4A6CC91-CCC3-4DEF-A36C-94F170DDE6B2}.Release|Mixed Platforms.Build.0 = Release|x86
		{C4A6CC91-CCC3-4DEF-A36C-94F170DDE6B2}.Release|Windows Phone.ActiveCfg = Release|x86
		{C4A6CC91-CCC3-4DEF-A36C-94F170DDE6B2}.Release|Windows Phone.Build.0 = Release|x86
		{C4A6CC91-CCC3-4DEF-A36C-94F170DDE6B2}.Release|x86.ActiveCfg = Release|x86
		{C4A6CC91-CCC3-4DEF-A36C-94F170DDE6B2}.Release|x86.Build.0 = Release|x86
		{9A5B507A-5940-4737-95B3-621F618D4008}.Debug|Any CPU.ActiveCfg = Debug|x86
		{9A5B507A-5940-4737-95B3-621F618D4008}.Debug|Mixed Platforms.ActiveCfg = Debug|x86
		{9A5B507A-5940-4737-95B3-621F618D4008}.Debug|Mixed Platforms.Build.0 = Debug|x86
		{9A5B507A-5940-4737-95B3-621F618D4008}.Debug|Windows Phone.ActiveCfg = Debug|x86
		{9A5B507A-5940-4737-95B3-621F618D4008}.Debug|x86.ActiveCfg = Debug|x86
		{9A5B507A-5940-4737-95B3-621F618D4008}.Debug|x86.Build.0 = Debug|x86
		{9A5B507A-5940-4737-95B3-621F618D4008}.Final|Any CPU.ActiveCfg = Final|x86
		{9A5B507A-5940-4737-95B3-621F618D4008}.Final|Mixed Platforms.ActiveCfg = Final|x86
		{9A5B507A-5940-4737-95B3-621F618D4008}.Final|Mixed Platforms.Build.0 = Final|x86
		{9A5B507A-5940-4737-95B3-621F618D4008}.Final|Windows Phone.ActiveCfg = Final|x86
		{9A5B507A-5940-4737-95B3-621F618D4008}.Final|x86.ActiveCfg = Final|x86
		{9A5B507A-5940-4737-95B3-621F618D4008}.Final|x86.Build.0 = Final|x86
		{9A5B507A-5940-4737-95B3-621F618D4008}.Release|Any CPU.ActiveCfg = Release|x86
		{9A5B507A-5940-4737-95B3-621F618D4008}.Release|Mixed Platforms.ActiveCfg = Release|x86
		{9A5B507A-5940-4737-95B3-621F618D4008}.Release|Mixed Platforms.Build.0 = Release|x86
		{9A5B507A-5940-4737-95B3-621F618D4008}.Release|Windows Phone.ActiveCfg = Release|x86
		{9A5B507A-5940-4737-95B3-621F618D4008}.Release|x86.ActiveCfg = Release|x86
		{9A5B507A-5940-4737-95B3-621F618D4008}.Release|x86.Build.0 = Release|x86
		{EA08F2CC-6DE5-415D-B860-B0DA88E541D8}.Debug|Any CPU.ActiveCfg = Debug|x86
		{EA08F2CC-6DE5-415D-B860-B0DA88E541D8}.Debug|Any CPU.Build.0 = Debug|x86
		{EA08F2CC-6DE5-415D-B860-B0DA88E541D8}.Debug|Mixed Platforms.ActiveCfg = Debug|x86
		{EA08F2CC-6DE5-415D-B860-B0DA88E541D8}.Debug|Mixed Platforms.Build.0 = Debug|x86
		{EA08F2CC-6DE5-415D-B860-B0DA88E541D8}.Debug|Windows Phone.ActiveCfg = Debug|x86
		{EA08F2CC-6DE5-415D-B860-B0DA88E541D8}.Debug|Windows Phone.Build.0 = Debug|x86
		{EA08F2CC-6DE5-415D-B860-B0DA88E541D8}.Debug|x86.ActiveCfg = Debug|x86
		{EA08F2CC-6DE5-415D-B860-B0DA88E541D8}.Debug|x86.Build.0 = Debug|x86
		{EA08F2CC-6DE5-415D-B860-B0DA88E541D8}.Final|Any CPU.ActiveCfg = Final|x86
		{EA08F2CC-6DE5-415D-B860-B0DA88E541D8}.Final|Mixed Platforms.ActiveCfg = Final|x86
		{EA08F2CC-6DE5-415D-B860-B0DA88E541D8}.Final|Mixed Platforms.Build.0 = Final|x86
		{EA08F2CC-6DE5-415D-B860-B0DA88E541D8}.Final|Windows Phone.ActiveCfg = Final|x86
		{EA08F2CC-6DE5-415D-B860-B0DA88E541D8}.Final|x86.ActiveCfg = Final|x86
		{EA08F2CC-6DE5-415D-B860-B0DA88E541D8}.Final|x86.Build.0 = Final|x86
		{EA08F2CC-6DE5-415D-B860-B0DA88E541D8}.Release|Any CPU.ActiveCfg = Debug|x86
		{EA08F2CC-6DE5-415D-B860-B0DA88E541D8}.Release|Any CPU.Build.0 = Debug|x86
		{EA08F2CC-6DE5-415D-B860-B0DA88E541D8}.Release|Mixed Platforms.ActiveCfg = Debug|x86
		{EA08F2CC-6DE5-415D-B860-B0DA88E541D8}.Release|Mixed Platforms.Build.0 = Debug|x86
		{EA08F2CC-6DE5-415D-B860-B0DA88E541D8}.Release|Windows Phone.ActiveCfg = Debug|x86
		{EA08F2CC-6DE5-415D-B860-B0DA88E541D8}.Release|Windows Phone.Build.0 = Debug|x86
		{EA08F2CC-6DE5-415D-B860-B0DA88E541D8}.Release|x86.ActiveCfg = Debug|x86
		{EA08F2CC-6DE5-415D-B860-B0DA88E541D8}.Release|x86.Build.0 = Debug|x86
		{39A30F56-8348-49C2-9DD3-5661DA56A072}.Debug|Any CPU.ActiveCfg = Debug|x86
		{39A30F56-8348-49C2-9DD3-5661DA56A072}.Debug|Mixed Platforms.ActiveCfg = Debug|x86
		{39A30F56-8348-49C2-9DD3-5661DA56A072}.Debug|Mixed Platforms.Build.0 = Debug|x86
		{39A30F56-8348-49C2-9DD3-5661DA56A072}.Debug|Windows Phone.ActiveCfg = Debug|x86
		{39A30F56-8348-49C2-9DD3-5661DA56A072}.Debug|x86.ActiveCfg = Debug|x86
		{39A30F56-8348-49C2-9DD3-5661DA56A072}.Debug|x86.Build.0 = Debug|x86
		{39A30F56-8348-49C2-9DD3-5661DA56A072}.Final|Any CPU.ActiveCfg = Final|x86
		{39A30F56-8348-49C2-9DD3-5661DA56A072}.Final|Mixed Platforms.ActiveCfg = Final|x86
		{39A30F56-8348-49C2-9DD3-5661DA56A072}.Final|Mixed Platforms.Build.0 = Final|x86
		{39A30F56-8348-49C2-9DD3-5661DA56A072}.Final|Windows Phone.ActiveCfg = Final|x86
		{39A30F56-8348-49C2-9DD3-5661DA56A072}.Final|x86.ActiveCfg = Final|x86
		{39A30F56-8348-49C2-9DD3-5661DA56A072}.Final|x86.Build.0 = Final|x86
		{39A30F56-8348-49C2-9DD3-5661DA56A072}.Release|Any CPU.ActiveCfg = Release|x86
		{39A30F56-8348-49C2-9DD3-5661DA56A072}.Release|Mixed Platforms.ActiveCfg = Release|x86
		{39A30F56-8348-49C2-9DD3-5661DA56A072}.Release|Mixed Platforms.Build.0 = Release|x86
		{39A30F56-8348-49C2-9DD3-5661DA56A072}.Release|Windows Phone.ActiveCfg = Release|x86
		{39A30F56-8348-49C2-9DD3-5661DA56A072}.Release|x86.ActiveCfg = Release|x86
		{39A30F56-8348-49C2-9DD3-5661DA56A072}.Release|x86.Build.0 = Release|x86
		{67D70BCA-EB17-4DB9-8C8A-6C06E19B51AA}.Debug|Any CPU.ActiveCfg = Debug|x86
		{67D70BCA-EB17-4DB9-8C8A-6C06E19B51AA}.Debug|Mixed Platforms.ActiveCfg = Debug|x86
		{67D70BCA-EB17-4DB9-8C8A-6C06E19B51AA}.Debug|Windows Phone.ActiveCfg = Debug|x86
		{67D70BCA-EB17-4DB9-8C8A-6C06E19B51AA}.Debug|x86.ActiveCfg = Debug|x86
		{67D70BCA-EB17-4DB9-8C8A-6C06E19B51AA}.Final|Any CPU.ActiveCfg = Release|x86
		{67D70BCA-EB17-4DB9-8C8A-6C06E19B51AA}.Final|Mixed Platforms.ActiveCfg = Release|x86
		{67D70BCA-EB17-4DB9-8C8A-6C06E19B51AA}.Final|Windows Phone.ActiveCfg = Release|x86
		{67D70BCA-EB17-4DB9-8C8A-6C06E19B51AA}.Final|x86.ActiveCfg = Release|x86
		{67D70BCA-EB17-4DB9-8C8A-6C06E19B51AA}.Release|Any CPU.ActiveCfg = Release|x86
		{67D70BCA-EB17-4DB9-8C8A-6C06E19B51AA}.Release|Mixed Platforms.ActiveCfg = Release|x86
		{67D70BCA-EB17-4DB9-8C8A-6C06E19B51AA}.Release|Windows Phone.ActiveCfg = Release|x86
		{67D70BCA-EB17-4DB9-8C8A-6C06E19B51AA}.Release|x86.ActiveCfg = Release|x86
	EndGlobalSection
	GlobalSection(SolutionProperties) = preSolution
		HideSolutionNode = FALSE
	EndGlobalSection
EndGlobal
